
Microsoft Visual Studio Solution File, Format Version 12.00
# Visual Studio Version 17
VisualStudioVersion = 17.14.36429.23 d17.14
MinimumVisualStudioVersion = 10.0.40219.1
Project("{FAE04EC0-301F-11D3-BF4B-00C04F79EFBC}") = "EepromProgrammerUI", "EepromProgrammerUI\EepromProgrammerUI.csproj", "{90ADAA87-DF33-49B3-BDF5-9D8BAD487C2D}"
EndProject
Global
	GlobalSection(SolutionConfigurationPlatforms) = preSolution
		Debug|Any CPU = Debug|Any CPU
		Release|Any CPU = Release|Any CPU
	EndGlobalSection
	GlobalSection(ProjectConfigurationPlatforms) = postSolution
		{90ADAA87-DF33-49B3-BDF5-9D8BAD487C2D}.Debug|Any CPU.ActiveCfg = Debug|Any CPU
		{90ADAA87-DF33-49B3-BDF5-9D8BAD487C2D}.Debug|Any CPU.Build.0 = Debug|Any CPU
		{90ADAA87-DF33-49B3-BDF5-9D8BAD487C2D}.Release|Any CPU.ActiveCfg = Release|Any CPU
		{90ADAA87-DF33-49B3-BDF5-9D8BAD487C2D}.Release|Any CPU.Build.0 = Release|Any CPU
	EndGlobalSection
	GlobalSection(SolutionProperties) = preSolution
		HideSolutionNode = FALSE
	EndGlobalSection
	GlobalSection(ExtensibilityGlobals) = postSolution
		SolutionGuid = {9685B81C-CCFF-4B8E-83B5-0B71E4DA55FB}
	EndGlobalSection
EndGlobal
